
Microsoft Visual Studio Solution File, Format Version 12.00
# Visual Studio Version 16
VisualStudioVersion = 16.0.31727.386
MinimumVisualStudioVersion = 10.0.40219.1
Project("{8BC9CEB8-8B4A-11D0-8D11-00A0C91BC942}") = "01.BTNC", "01.BTNC\01.BTNC.vcxproj", "{5260CD8B-8D5C-461C-8CD1-36B2D2BE05A8}"
EndProject
Project("{8BC9CEB8-8B4A-11D0-8D11-00A0C91BC942}") = "02.BTNC", "02.BTNC\02.BTNC.vcxproj", "{416647BF-E5A5-43F5-9180-74211D911CB0}"
EndProject
Project("{8BC9CEB8-8B4A-11D0-8D11-00A0C91BC942}") = "03.BTNC", "03.BTNC\03.BTNC.vcxproj", "{BDB106EB-22B8-4A68-95F7-3476538AA29E}"
EndProject
Project("{8BC9CEB8-8B4A-11D0-8D11-00A0C91BC942}") = "BTVN6a", "BTVN6a\BTVN6a.vcxproj", "{5E0ABA22-BE12-4A96-80CE-30B8F4A142CE}"
EndProject
Project("{8BC9CEB8-8B4A-11D0-8D11-00A0C91BC942}") = "Sortbymintomax", "Sortbymintomax\Sortbymintomax.vcxproj", "{36868875-674F-4154-B9F5-22B0110A14EB}"
EndProject
Global
	GlobalSection(SolutionConfigurationPlatforms) = preSolution
		Debug|x64 = Debug|x64
		Debug|x86 = Debug|x86
		Release|x64 = Release|x64
		Release|x86 = Release|x86
	EndGlobalSection
	GlobalSection(ProjectConfigurationPlatforms) = postSolution
		{5260CD8B-8D5C-461C-8CD1-36B2D2BE05A8}.Debug|x64.ActiveCfg = Debug|x64
		{5260CD8B-8D5C-461C-8CD1-36B2D2BE05A8}.Debug|x64.Build.0 = Debug|x64
		{5260CD8B-8D5C-461C-8CD1-36B2D2BE05A8}.Debug|x86.ActiveCfg = Debug|Win32
		{5260CD8B-8D5C-461C-8CD1-36B2D2BE05A8}.Debug|x86.Build.0 = Debug|Win32
		{5260CD8B-8D5C-461C-8CD1-36B2D2BE05A8}.Release|x64.ActiveCfg = Release|x64
		{5260CD8B-8D5C-461C-8CD1-36B2D2BE05A8}.Release|x64.Build.0 = Release|x64
		{5260CD8B-8D5C-461C-8CD1-36B2D2BE05A8}.Release|x86.ActiveCfg = Release|Win32
		{5260CD8B-8D5C-461C-8CD1-36B2D2BE05A8}.Release|x86.Build.0 = Release|Win32
		{416647BF-E5A5-43F5-9180-74211D911CB0}.Debug|x64.ActiveCfg = Debug|x64
		{416647BF-E5A5-43F5-9180-74211D911CB0}.Debug|x64.Build.0 = Debug|x64
		{416647BF-E5A5-43F5-9180-74211D911CB0}.Debug|x86.ActiveCfg = Debug|Win32
		{416647BF-E5A5-43F5-9180-74211D911CB0}.Debug|x86.Build.0 = Debug|Win32
		{416647BF-E5A5-43F5-9180-74211D911CB0}.Release|x64.ActiveCfg = Release|x64
		{416647BF-E5A5-43F5-9180-74211D911CB0}.Release|x64.Build.0 = Release|x64
		{416647BF-E5A5-43F5-9180-74211D911CB0}.Release|x86.ActiveCfg = Release|Win32
		{416647BF-E5A5-43F5-9180-74211D911CB0}.Release|x86.Build.0 = Release|Win32
		{BDB106EB-22B8-4A68-95F7-3476538AA29E}.Debug|x64.ActiveCfg = Debug|x64
		{BDB106EB-22B8-4A68-95F7-3476538AA29E}.Debug|x64.Build.0 = Debug|x64
		{BDB106EB-22B8-4A68-95F7-3476538AA29E}.Debug|x86.ActiveCfg = Debug|Win32
		{BDB106EB-22B8-4A68-95F7-3476538AA29E}.Debug|x86.Build.0 = Debug|Win32
		{BDB106EB-22B8-4A68-95F7-3476538AA29E}.Release|x64.ActiveCfg = Release|x64
		{BDB106EB-22B8-4A68-95F7-3476538AA29E}.Release|x64.Build.0 = Release|x64
		{BDB106EB-22B8-4A68-95F7-3476538AA29E}.Release|x86.ActiveCfg = Release|Win32
		{BDB106EB-22B8-4A68-95F7-3476538AA29E}.Release|x86.Build.0 = Release|Win32
		{5E0ABA22-BE12-4A96-80CE-30B8F4A142CE}.Debug|x64.ActiveCfg = Debug|x64
		{5E0ABA22-BE12-4A96-80CE-30B8F4A142CE}.Debug|x64.Build.0 = Debug|x64
		{5E0ABA22-BE12-4A96-80CE-30B8F4A142CE}.Debug|x86.ActiveCfg = Debug|Win32
		{5E0ABA22-BE12-4A96-80CE-30B8F4A142CE}.Debug|x86.Build.0 = Debug|Win32
		{5E0ABA22-BE12-4A96-80CE-30B8F4A142CE}.Release|x64.ActiveCfg = Release|x64
		{5E0ABA22-BE12-4A96-80CE-30B8F4A142CE}.Release|x64.Build.0 = Release|x64
		{5E0ABA22-BE12-4A96-80CE-30B8F4A142CE}.Release|x86.ActiveCfg = Release|Win32
		{5E0ABA22-BE12-4A96-80CE-30B8F4A142CE}.Release|x86.Build.0 = Release|Win32
		{36868875-674F-4154-B9F5-22B0110A14EB}.Debug|x64.ActiveCfg = Debug|x64
		{36868875-674F-4154-B9F5-22B0110A14EB}.Debug|x64.Build.0 = Debug|x64
		{36868875-674F-4154-B9F5-22B0110A14EB}.Debug|x86.ActiveCfg = Debug|Win32
		{36868875-674F-4154-B9F5-22B0110A14EB}.Debug|x86.Build.0 = Debug|Win32
		{36868875-674F-4154-B9F5-22B0110A14EB}.Release|x64.ActiveCfg = Release|x64
		{36868875-674F-4154-B9F5-22B0110A14EB}.Release|x64.Build.0 = Release|x64
		{36868875-674F-4154-B9F5-22B0110A14EB}.Release|x86.ActiveCfg = Release|Win32
		{36868875-674F-4154-B9F5-22B0110A14EB}.Release|x86.Build.0 = Release|Win32
	EndGlobalSection
	GlobalSection(SolutionProperties) = preSolution
		HideSolutionNode = FALSE
	EndGlobalSection
	GlobalSection(ExtensibilityGlobals) = postSolution
		SolutionGuid = {D02BA107-41A2-474C-BCDD-23EF4C1B5315}
	EndGlobalSection
EndGlobal
